// !$*UTF8*$!
{
	archiveVersion = 1;
	classes = {
	};
	objectVersion = 50;
	objects = {

/* Begin PBXBuildFile section */
		5196CA872195A74B004FB671 /* AppDelegate.swift in Sources */ = {isa = PBXBuildFile; fileRef = 5196CA862195A74B004FB671 /* AppDelegate.swift */; };
		5196CA892195A74B004FB671 /* ViewController.swift in Sources */ = {isa = PBXBuildFile; fileRef = 5196CA882195A74B004FB671 /* ViewController.swift */; };
		5196CA8C2195A74B004FB671 /* Main.storyboard in Resources */ = {isa = PBXBuildFile; fileRef = 5196CA8A2195A74B004FB671 /* Main.storyboard */; };
		5196CA8F2195A74B004FB671 /* Tomato.xcdatamodeld in Sources */ = {isa = PBXBuildFile; fileRef = 5196CA8D2195A74B004FB671 /* Tomato.xcdatamodeld */; };
		5196CA912195A74E004FB671 /* Assets.xcassets in Resources */ = {isa = PBXBuildFile; fileRef = 5196CA902195A74E004FB671 /* Assets.xcassets */; };
		5196CA942195A74E004FB671 /* LaunchScreen.storyboard in Resources */ = {isa = PBXBuildFile; fileRef = 5196CA922195A74E004FB671 /* LaunchScreen.storyboard */; };
		5196CA9F2195A74E004FB671 /* TomatoTests.swift in Sources */ = {isa = PBXBuildFile; fileRef = 5196CA9E2195A74E004FB671 /* TomatoTests.swift */; };
		5196CAAA2195A74E004FB671 /* TomatoUITests.swift in Sources */ = {isa = PBXBuildFile; fileRef = 5196CAA92195A74E004FB671 /* TomatoUITests.swift */; };
		5196CABB2195B5BB004FB671 /* Restaurant.swift in Sources */ = {isa = PBXBuildFile; fileRef = 5196CABA2195B5BB004FB671 /* Restaurant.swift */; };
		5196CABD2195B5CE004FB671 /* RestaurantDataSource.swift in Sources */ = {isa = PBXBuildFile; fileRef = 5196CABC2195B5CE004FB671 /* RestaurantDataSource.swift */; };
		5196CABF2195C46F004FB671 /* City.swift in Sources */ = {isa = PBXBuildFile; fileRef = 5196CABE2195C46F004FB671 /* City.swift */; };
		5196CAC12195C515004FB671 /* Search.swift in Sources */ = {isa = PBXBuildFile; fileRef = 5196CAC02195C515004FB671 /* Search.swift */; };
		5196CAC42195D0C7004FB671 /* RestaurantDataSourceToggleFavourite.swift in Sources */ = {isa = PBXBuildFile; fileRef = 5196CAC32195D0C7004FB671 /* RestaurantDataSourceToggleFavourite.swift */; };
		5196CAC72195D1DD004FB671 /* CoreDataInterface.swift in Sources */ = {isa = PBXBuildFile; fileRef = 5196CAC62195D1DD004FB671 /* CoreDataInterface.swift */; };
		5196CACA219988A1004FB671 /* api.swift in Sources */ = {isa = PBXBuildFile; fileRef = 5196CAC9219988A1004FB671 /* api.swift */; };
		5196CACC21998FBD004FB671 /* RestaurantDataSourceFetchFromAPITest.swift in Sources */ = {isa = PBXBuildFile; fileRef = 5196CACB21998FBD004FB671 /* RestaurantDataSourceFetchFromAPITest.swift */; };
		5196CACE2199DBB1004FB671 /* modelConstants.swift in Sources */ = {isa = PBXBuildFile; fileRef = 5196CACD2199DBB1004FB671 /* modelConstants.swift */; };
/* End PBXBuildFile section */

/* Begin PBXContainerItemProxy section */
		5196CA9B2195A74E004FB671 /* PBXContainerItemProxy */ = {
			isa = PBXContainerItemProxy;
			containerPortal = 5196CA7B2195A74B004FB671 /* Project object */;
			proxyType = 1;
			remoteGlobalIDString = 5196CA822195A74B004FB671;
			remoteInfo = Tomato;
		};
		5196CAA62195A74E004FB671 /* PBXContainerItemProxy */ = {
			isa = PBXContainerItemProxy;
			containerPortal = 5196CA7B2195A74B004FB671 /* Project object */;
			proxyType = 1;
			remoteGlobalIDString = 5196CA822195A74B004FB671;
			remoteInfo = Tomato;
		};
/* End PBXContainerItemProxy section */

/* Begin PBXFileReference section */
		5196CA832195A74B004FB671 /* Tomato.app */ = {isa = PBXFileReference; explicitFileType = wrapper.application; includeInIndex = 0; path = Tomato.app; sourceTree = BUILT_PRODUCTS_DIR; };
		5196CA862195A74B004FB671 /* AppDelegate.swift */ = {isa = PBXFileReference; lastKnownFileType = sourcecode.swift; path = AppDelegate.swift; sourceTree = "<group>"; };
		5196CA882195A74B004FB671 /* ViewController.swift */ = {isa = PBXFileReference; lastKnownFileType = sourcecode.swift; path = ViewController.swift; sourceTree = "<group>"; };
		5196CA8B2195A74B004FB671 /* Base */ = {isa = PBXFileReference; lastKnownFileType = file.storyboard; name = Base; path = Base.lproj/Main.storyboard; sourceTree = "<group>"; };
		5196CA8E2195A74B004FB671 /* Tomato.xcdatamodel */ = {isa = PBXFileReference; lastKnownFileType = wrapper.xcdatamodel; path = Tomato.xcdatamodel; sourceTree = "<group>"; };
		5196CA902195A74E004FB671 /* Assets.xcassets */ = {isa = PBXFileReference; lastKnownFileType = folder.assetcatalog; path = Assets.xcassets; sourceTree = "<group>"; };
		5196CA932195A74E004FB671 /* Base */ = {isa = PBXFileReference; lastKnownFileType = file.storyboard; name = Base; path = Base.lproj/LaunchScreen.storyboard; sourceTree = "<group>"; };
		5196CA952195A74E004FB671 /* Info.plist */ = {isa = PBXFileReference; lastKnownFileType = text.plist.xml; path = Info.plist; sourceTree = "<group>"; };
		5196CA9A2195A74E004FB671 /* TomatoTests.xctest */ = {isa = PBXFileReference; explicitFileType = wrapper.cfbundle; includeInIndex = 0; path = TomatoTests.xctest; sourceTree = BUILT_PRODUCTS_DIR; };
		5196CA9E2195A74E004FB671 /* TomatoTests.swift */ = {isa = PBXFileReference; lastKnownFileType = sourcecode.swift; path = TomatoTests.swift; sourceTree = "<group>"; };
		5196CAA02195A74E004FB671 /* Info.plist */ = {isa = PBXFileReference; lastKnownFileType = text.plist.xml; path = Info.plist; sourceTree = "<group>"; };
		5196CAA52195A74E004FB671 /* TomatoUITests.xctest */ = {isa = PBXFileReference; explicitFileType = wrapper.cfbundle; includeInIndex = 0; path = TomatoUITests.xctest; sourceTree = BUILT_PRODUCTS_DIR; };
		5196CAA92195A74E004FB671 /* TomatoUITests.swift */ = {isa = PBXFileReference; lastKnownFileType = sourcecode.swift; path = TomatoUITests.swift; sourceTree = "<group>"; };
		5196CAAB2195A74E004FB671 /* Info.plist */ = {isa = PBXFileReference; lastKnownFileType = text.plist.xml; path = Info.plist; sourceTree = "<group>"; };
		5196CABA2195B5BB004FB671 /* Restaurant.swift */ = {isa = PBXFileReference; lastKnownFileType = sourcecode.swift; path = Restaurant.swift; sourceTree = "<group>"; };
		5196CABC2195B5CE004FB671 /* RestaurantDataSource.swift */ = {isa = PBXFileReference; lastKnownFileType = sourcecode.swift; path = RestaurantDataSource.swift; sourceTree = "<group>"; };
		5196CABE2195C46F004FB671 /* City.swift */ = {isa = PBXFileReference; lastKnownFileType = sourcecode.swift; path = City.swift; sourceTree = "<group>"; };
		5196CAC02195C515004FB671 /* Search.swift */ = {isa = PBXFileReference; lastKnownFileType = sourcecode.swift; path = Search.swift; sourceTree = "<group>"; };
		5196CAC32195D0C7004FB671 /* RestaurantDataSourceToggleFavourite.swift */ = {isa = PBXFileReference; lastKnownFileType = sourcecode.swift; path = RestaurantDataSourceToggleFavourite.swift; sourceTree = "<group>"; };
		5196CAC62195D1DD004FB671 /* CoreDataInterface.swift */ = {isa = PBXFileReference; lastKnownFileType = sourcecode.swift; path = CoreDataInterface.swift; sourceTree = "<group>"; };
		5196CAC9219988A1004FB671 /* api.swift */ = {isa = PBXFileReference; lastKnownFileType = sourcecode.swift; path = api.swift; sourceTree = "<group>"; };
		5196CACB21998FBD004FB671 /* RestaurantDataSourceFetchFromAPITest.swift */ = {isa = PBXFileReference; lastKnownFileType = sourcecode.swift; path = RestaurantDataSourceFetchFromAPITest.swift; sourceTree = "<group>"; };
		5196CACD2199DBB1004FB671 /* modelConstants.swift */ = {isa = PBXFileReference; lastKnownFileType = sourcecode.swift; path = modelConstants.swift; sourceTree = "<group>"; };
/* End PBXFileReference section */

/* Begin PBXFrameworksBuildPhase section */
		5196CA802195A74B004FB671 /* Frameworks */ = {
			isa = PBXFrameworksBuildPhase;
			buildActionMask = 2147483647;
			files = (
			);
			runOnlyForDeploymentPostprocessing = 0;
		};
		5196CA972195A74E004FB671 /* Frameworks */ = {
			isa = PBXFrameworksBuildPhase;
			buildActionMask = 2147483647;
			files = (
			);
			runOnlyForDeploymentPostprocessing = 0;
		};
		5196CAA22195A74E004FB671 /* Frameworks */ = {
			isa = PBXFrameworksBuildPhase;
			buildActionMask = 2147483647;
			files = (
			);
			runOnlyForDeploymentPostprocessing = 0;
		};
/* End PBXFrameworksBuildPhase section */

/* Begin PBXGroup section */
		5196CA7A2195A74B004FB671 = {
			isa = PBXGroup;
			children = (
				5196CA852195A74B004FB671 /* Tomato */,
				5196CA9D2195A74E004FB671 /* TomatoTests */,
				5196CAA82195A74E004FB671 /* TomatoUITests */,
				5196CA842195A74B004FB671 /* Products */,
			);
			sourceTree = "<group>";
		};
		5196CA842195A74B004FB671 /* Products */ = {
			isa = PBXGroup;
			children = (
				5196CA832195A74B004FB671 /* Tomato.app */,
				5196CA9A2195A74E004FB671 /* TomatoTests.xctest */,
				5196CAA52195A74E004FB671 /* TomatoUITests.xctest */,
			);
			name = Products;
			sourceTree = "<group>";
		};
		5196CA852195A74B004FB671 /* Tomato */ = {
			isa = PBXGroup;
			children = (
				5196CAC82199888C004FB671 /* aux */,
				5196CAB72195B594004FB671 /* Model */,
				5196CA862195A74B004FB671 /* AppDelegate.swift */,
				5196CA882195A74B004FB671 /* ViewController.swift */,
				5196CA8A2195A74B004FB671 /* Main.storyboard */,
				5196CA902195A74E004FB671 /* Assets.xcassets */,
				5196CA922195A74E004FB671 /* LaunchScreen.storyboard */,
				5196CA952195A74E004FB671 /* Info.plist */,
				5196CA8D2195A74B004FB671 /* Tomato.xcdatamodeld */,
			);
			path = Tomato;
			sourceTree = "<group>";
		};
		5196CA9D2195A74E004FB671 /* TomatoTests */ = {
			isa = PBXGroup;
			children = (
				5196CAC22195D0B3004FB671 /* ModelTests */,
				5196CA9E2195A74E004FB671 /* TomatoTests.swift */,
				5196CAA02195A74E004FB671 /* Info.plist */,
			);
			path = TomatoTests;
			sourceTree = "<group>";
		};
		5196CAA82195A74E004FB671 /* TomatoUITests */ = {
			isa = PBXGroup;
			children = (
				5196CAA92195A74E004FB671 /* TomatoUITests.swift */,
				5196CAAB2195A74E004FB671 /* Info.plist */,
			);
			path = TomatoUITests;
			sourceTree = "<group>";
		};
		5196CAB72195B594004FB671 /* Model */ = {
			isa = PBXGroup;
			children = (
				5196CABA2195B5BB004FB671 /* Restaurant.swift */,
				5196CABE2195C46F004FB671 /* City.swift */,
				5196CABC2195B5CE004FB671 /* RestaurantDataSource.swift */,
				5196CAC02195C515004FB671 /* Search.swift */,
				5196CAC62195D1DD004FB671 /* CoreDataInterface.swift */,
				5196CACD2199DBB1004FB671 /* modelConstants.swift */,
			);
			path = Model;
			sourceTree = "<group>";
		};
		5196CAC22195D0B3004FB671 /* ModelTests */ = {
			isa = PBXGroup;
			children = (
				5196CAC52195D0D5004FB671 /* RestaurantDataSourceTests */,
			);
			path = ModelTests;
			sourceTree = "<group>";
		};
		5196CAC52195D0D5004FB671 /* RestaurantDataSourceTests */ = {
			isa = PBXGroup;
			children = (
				5196CAC32195D0C7004FB671 /* RestaurantDataSourceToggleFavourite.swift */,
				5196CACB21998FBD004FB671 /* RestaurantDataSourceFetchFromAPITest.swift */,
			);
			path = RestaurantDataSourceTests;
			sourceTree = "<group>";
		};
		5196CAC82199888C004FB671 /* aux */ = {
			isa = PBXGroup;
			children = (
				5196CAC9219988A1004FB671 /* api.swift */,
			);
			path = aux;
			sourceTree = "<group>";
		};
/* End PBXGroup section */

/* Begin PBXNativeTarget section */
		5196CA822195A74B004FB671 /* Tomato */ = {
			isa = PBXNativeTarget;
			buildConfigurationList = 5196CAAE2195A74E004FB671 /* Build configuration list for PBXNativeTarget "Tomato" */;
			buildPhases = (
				5196CA7F2195A74B004FB671 /* Sources */,
				5196CA802195A74B004FB671 /* Frameworks */,
				5196CA812195A74B004FB671 /* Resources */,
			);
			buildRules = (
			);
			dependencies = (
			);
			name = Tomato;
			productName = Tomato;
			productReference = 5196CA832195A74B004FB671 /* Tomato.app */;
			productType = "com.apple.product-type.application";
		};
		5196CA992195A74E004FB671 /* TomatoTests */ = {
			isa = PBXNativeTarget;
			buildConfigurationList = 5196CAB12195A74E004FB671 /* Build configuration list for PBXNativeTarget "TomatoTests" */;
			buildPhases = (
				5196CA962195A74E004FB671 /* Sources */,
				5196CA972195A74E004FB671 /* Frameworks */,
				5196CA982195A74E004FB671 /* Resources */,
			);
			buildRules = (
			);
			dependencies = (
				5196CA9C2195A74E004FB671 /* PBXTargetDependency */,
			);
			name = TomatoTests;
			productName = TomatoTests;
			productReference = 5196CA9A2195A74E004FB671 /* TomatoTests.xctest */;
			productType = "com.apple.product-type.bundle.unit-test";
		};
		5196CAA42195A74E004FB671 /* TomatoUITests */ = {
			isa = PBXNativeTarget;
			buildConfigurationList = 5196CAB42195A74E004FB671 /* Build configuration list for PBXNativeTarget "TomatoUITests" */;
			buildPhases = (
				5196CAA12195A74E004FB671 /* Sources */,
				5196CAA22195A74E004FB671 /* Frameworks */,
				5196CAA32195A74E004FB671 /* Resources */,
			);
			buildRules = (
			);
			dependencies = (
				5196CAA72195A74E004FB671 /* PBXTargetDependency */,
			);
			name = TomatoUITests;
			productName = TomatoUITests;
			productReference = 5196CAA52195A74E004FB671 /* TomatoUITests.xctest */;
			productType = "com.apple.product-type.bundle.ui-testing";
		};
/* End PBXNativeTarget section */

/* Begin PBXProject section */
		5196CA7B2195A74B004FB671 /* Project object */ = {
			isa = PBXProject;
			attributes = {
				LastSwiftUpdateCheck = 1000;
				LastUpgradeCheck = 1000;
				ORGANIZATIONNAME = "Vicente Simões";
				TargetAttributes = {
					5196CA822195A74B004FB671 = {
						CreatedOnToolsVersion = 10.0;
					};
					5196CA992195A74E004FB671 = {
						CreatedOnToolsVersion = 10.0;
						TestTargetID = 5196CA822195A74B004FB671;
					};
					5196CAA42195A74E004FB671 = {
						CreatedOnToolsVersion = 10.0;
						TestTargetID = 5196CA822195A74B004FB671;
					};
				};
			};
			buildConfigurationList = 5196CA7E2195A74B004FB671 /* Build configuration list for PBXProject "Tomato" */;
			compatibilityVersion = "Xcode 9.3";
			developmentRegion = en;
			hasScannedForEncodings = 0;
			knownRegions = (
				en,
				Base,
			);
			mainGroup = 5196CA7A2195A74B004FB671;
			productRefGroup = 5196CA842195A74B004FB671 /* Products */;
			projectDirPath = "";
			projectRoot = "";
			targets = (
				5196CA822195A74B004FB671 /* Tomato */,
				5196CA992195A74E004FB671 /* TomatoTests */,
				5196CAA42195A74E004FB671 /* TomatoUITests */,
			);
		};
/* End PBXProject section */

/* Begin PBXResourcesBuildPhase section */
		5196CA812195A74B004FB671 /* Resources */ = {
			isa = PBXResourcesBuildPhase;
			buildActionMask = 2147483647;
			files = (
				5196CA942195A74E004FB671 /* LaunchScreen.storyboard in Resources */,
				5196CA912195A74E004FB671 /* Assets.xcassets in Resources */,
				5196CA8C2195A74B004FB671 /* Main.storyboard in Resources */,
			);
			runOnlyForDeploymentPostprocessing = 0;
		};
		5196CA982195A74E004FB671 /* Resources */ = {
			isa = PBXResourcesBuildPhase;
			buildActionMask = 2147483647;
			files = (
			);
			runOnlyForDeploymentPostprocessing = 0;
		};
		5196CAA32195A74E004FB671 /* Resources */ = {
			isa = PBXResourcesBuildPhase;
			buildActionMask = 2147483647;
			files = (
			);
			runOnlyForDeploymentPostprocessing = 0;
		};
/* End PBXResourcesBuildPhase section */

/* Begin PBXSourcesBuildPhase section */
		5196CA7F2195A74B004FB671 /* Sources */ = {
			isa = PBXSourcesBuildPhase;
			buildActionMask = 2147483647;
			files = (
				5196CABD2195B5CE004FB671 /* RestaurantDataSource.swift in Sources */,
				5196CACE2199DBB1004FB671 /* modelConstants.swift in Sources */,
				5196CABB2195B5BB004FB671 /* Restaurant.swift in Sources */,
				5196CA8F2195A74B004FB671 /* Tomato.xcdatamodeld in Sources */,
				5196CA892195A74B004FB671 /* ViewController.swift in Sources */,
				5196CACA219988A1004FB671 /* api.swift in Sources */,
				5196CA872195A74B004FB671 /* AppDelegate.swift in Sources */,
				5196CAC72195D1DD004FB671 /* CoreDataInterface.swift in Sources */,
				5196CAC12195C515004FB671 /* Search.swift in Sources */,
				5196CABF2195C46F004FB671 /* City.swift in Sources */,
			);
			runOnlyForDeploymentPostprocessing = 0;
		};
		5196CA962195A74E004FB671 /* Sources */ = {
			isa = PBXSourcesBuildPhase;
			buildActionMask = 2147483647;
			files = (
				5196CA9F2195A74E004FB671 /* TomatoTests.swift in Sources */,
				5196CACC21998FBD004FB671 /* RestaurantDataSourceFetchFromAPITest.swift in Sources */,
				5196CAC42195D0C7004FB671 /* RestaurantDataSourceToggleFavourite.swift in Sources */,
			);
			runOnlyForDeploymentPostprocessing = 0;
		};
		5196CAA12195A74E004FB671 /* Sources */ = {
			isa = PBXSourcesBuildPhase;
			buildActionMask = 2147483647;
			files = (
				5196CAAA2195A74E004FB671 /* TomatoUITests.swift in Sources */,
			);
			runOnlyForDeploymentPostprocessing = 0;
		};
/* End PBXSourcesBuildPhase section */

/* Begin PBXTargetDependency section */
		5196CA9C2195A74E004FB671 /* PBXTargetDependency */ = {
			isa = PBXTargetDependency;
			target = 5196CA822195A74B004FB671 /* Tomato */;
			targetProxy = 5196CA9B2195A74E004FB671 /* PBXContainerItemProxy */;
		};
		5196CAA72195A74E004FB671 /* PBXTargetDependency */ = {
			isa = PBXTargetDependency;
			target = 5196CA822195A74B004FB671 /* Tomato */;
			targetProxy = 5196CAA62195A74E004FB671 /* PBXContainerItemProxy */;
		};
/* End PBXTargetDependency section */

/* Begin PBXVariantGroup section */
		5196CA8A2195A74B004FB671 /* Main.storyboard */ = {
			isa = PBXVariantGroup;
			children = (
				5196CA8B2195A74B004FB671 /* Base */,
			);
			name = Main.storyboard;
			sourceTree = "<group>";
		};
		5196CA922195A74E004FB671 /* LaunchScreen.storyboard */ = {
			isa = PBXVariantGroup;
			children = (
				5196CA932195A74E004FB671 /* Base */,
			);
			name = LaunchScreen.storyboard;
			sourceTree = "<group>";
		};
/* End PBXVariantGroup section */

/* Begin XCBuildConfiguration section */
		5196CAAC2195A74E004FB671 /* Debug */ = {
			isa = XCBuildConfiguration;
			buildSettings = {
				ALWAYS_SEARCH_USER_PATHS = NO;
				CLANG_ANALYZER_NONNULL = YES;
				CLANG_ANALYZER_NUMBER_OBJECT_CONVERSION = YES_AGGRESSIVE;
				CLANG_CXX_LANGUAGE_STANDARD = "gnu++14";
				CLANG_CXX_LIBRARY = "libc++";
				CLANG_ENABLE_MODULES = YES;
				CLANG_ENABLE_OBJC_ARC = YES;
				CLANG_ENABLE_OBJC_WEAK = YES;
				CLANG_WARN_BLOCK_CAPTURE_AUTORELEASING = YES;
				CLANG_WARN_BOOL_CONVERSION = YES;
				CLANG_WARN_COMMA = YES;
				CLANG_WARN_CONSTANT_CONVERSION = YES;
				CLANG_WARN_DEPRECATED_OBJC_IMPLEMENTATIONS = YES;
				CLANG_WARN_DIRECT_OBJC_ISA_USAGE = YES_ERROR;
				CLANG_WARN_DOCUMENTATION_COMMENTS = YES;
				CLANG_WARN_EMPTY_BODY = YES;
				CLANG_WARN_ENUM_CONVERSION = YES;
				CLANG_WARN_INFINITE_RECURSION = YES;
				CLANG_WARN_INT_CONVERSION = YES;
				CLANG_WARN_NON_LITERAL_NULL_CONVERSION = YES;
				CLANG_WARN_OBJC_IMPLICIT_RETAIN_SELF = YES;
				CLANG_WARN_OBJC_LITERAL_CONVERSION = YES;
				CLANG_WARN_OBJC_ROOT_CLASS = YES_ERROR;
				CLANG_WARN_RANGE_LOOP_ANALYSIS = YES;
				CLANG_WARN_STRICT_PROTOTYPES = YES;
				CLANG_WARN_SUSPICIOUS_MOVE = YES;
				CLANG_WARN_UNGUARDED_AVAILABILITY = YES_AGGRESSIVE;
				CLANG_WARN_UNREACHABLE_CODE = YES;
				CLANG_WARN__DUPLICATE_METHOD_MATCH = YES;
				CODE_SIGN_IDENTITY = "iPhone Developer";
				COPY_PHASE_STRIP = NO;
				DEBUG_INFORMATION_FORMAT = dwarf;
				ENABLE_STRICT_OBJC_MSGSEND = YES;
				ENABLE_TESTABILITY = YES;
				GCC_C_LANGUAGE_STANDARD = gnu11;
				GCC_DYNAMIC_NO_PIC = NO;
				GCC_NO_COMMON_BLOCKS = YES;
				GCC_OPTIMIZATION_LEVEL = 0;
				GCC_PREPROCESSOR_DEFINITIONS = (
					"DEBUG=1",
					"$(inherited)",
				);
				GCC_WARN_64_TO_32_BIT_CONVERSION = YES;
				GCC_WARN_ABOUT_RETURN_TYPE = YES_ERROR;
				GCC_WARN_UNDECLARED_SELECTOR = YES;
				GCC_WARN_UNINITIALIZED_AUTOS = YES_AGGRESSIVE;
				GCC_WARN_UNUSED_FUNCTION = YES;
				GCC_WARN_UNUSED_VARIABLE = YES;
				IPHONEOS_DEPLOYMENT_TARGET = 12.0;
				MTL_ENABLE_DEBUG_INFO = INCLUDE_SOURCE;
				MTL_FAST_MATH = YES;
				ONLY_ACTIVE_ARCH = YES;
				SDKROOT = iphoneos;
				SWIFT_ACTIVE_COMPILATION_CONDITIONS = DEBUG;
				SWIFT_OPTIMIZATION_LEVEL = "-Onone";
			};
			name = Debug;
		};
		5196CAAD2195A74E004FB671 /* Release */ = {
			isa = XCBuildConfiguration;
			buildSettings = {
				ALWAYS_SEARCH_USER_PATHS = NO;
				CLANG_ANALYZER_NONNULL = YES;
				CLANG_ANALYZER_NUMBER_OBJECT_CONVERSION = YES_AGGRESSIVE;
				CLANG_CXX_LANGUAGE_STANDARD = "gnu++14";
				CLANG_CXX_LIBRARY = "libc++";
				CLANG_ENABLE_MODULES = YES;
				CLANG_ENABLE_OBJC_ARC = YES;
				CLANG_ENABLE_OBJC_WEAK = YES;
				CLANG_WARN_BLOCK_CAPTURE_AUTORELEASING = YES;
				CLANG_WARN_BOOL_CONVERSION = YES;
				CLANG_WARN_COMMA = YES;
				CLANG_WARN_CONSTANT_CONVERSION = YES;
				CLANG_WARN_DEPRECATED_OBJC_IMPLEMENTATIONS = YES;
				CLANG_WARN_DIRECT_OBJC_ISA_USAGE = YES_ERROR;
				CLANG_WARN_DOCUMENTATION_COMMENTS = YES;
				CLANG_WARN_EMPTY_BODY = YES;
				CLANG_WARN_ENUM_CONVERSION = YES;
				CLANG_WARN_INFINITE_RECURSION = YES;
				CLANG_WARN_INT_CONVERSION = YES;
				CLANG_WARN_NON_LITERAL_NULL_CONVERSION = YES;
				CLANG_WARN_OBJC_IMPLICIT_RETAIN_SELF = YES;
				CLANG_WARN_OBJC_LITERAL_CONVERSION = YES;
				CLANG_WARN_OBJC_ROOT_CLASS = YES_ERROR;
				CLANG_WARN_RANGE_LOOP_ANALYSIS = YES;
				CLANG_WARN_STRICT_PROTOTYPES = YES;
				CLANG_WARN_SUSPICIOUS_MOVE = YES;
				CLANG_WARN_UNGUARDED_AVAILABILITY = YES_AGGRESSIVE;
				CLANG_WARN_UNREACHABLE_CODE = YES;
				CLANG_WARN__DUPLICATE_METHOD_MATCH = YES;
				CODE_SIGN_IDENTITY = "iPhone Developer";
				COPY_PHASE_STRIP = NO;
				DEBUG_INFORMATION_FORMAT = "dwarf-with-dsym";
				ENABLE_NS_ASSERTIONS = NO;
				ENABLE_STRICT_OBJC_MSGSEND = YES;
				GCC_C_LANGUAGE_STANDARD = gnu11;
				GCC_NO_COMMON_BLOCKS = YES;
				GCC_WARN_64_TO_32_BIT_CONVERSION = YES;
				GCC_WARN_ABOUT_RETURN_TYPE = YES_ERROR;
				GCC_WARN_UNDECLARED_SELECTOR = YES;
				GCC_WARN_UNINITIALIZED_AUTOS = YES_AGGRESSIVE;
				GCC_WARN_UNUSED_FUNCTION = YES;
				GCC_WARN_UNUSED_VARIABLE = YES;
				IPHONEOS_DEPLOYMENT_TARGET = 12.0;
				MTL_ENABLE_DEBUG_INFO = NO;
				MTL_FAST_MATH = YES;
				SDKROOT = iphoneos;
				SWIFT_COMPILATION_MODE = wholemodule;
				SWIFT_OPTIMIZATION_LEVEL = "-O";
				VALIDATE_PRODUCT = YES;
			};
			name = Release;
		};
		5196CAAF2195A74E004FB671 /* Debug */ = {
			isa = XCBuildConfiguration;
			buildSettings = {
				ASSETCATALOG_COMPILER_APPICON_NAME = AppIcon;
				CODE_SIGN_STYLE = Automatic;
				DEVELOPMENT_TEAM = 7A2F8E25YM;
				INFOPLIST_FILE = Tomato/Info.plist;
				LD_RUNPATH_SEARCH_PATHS = (
					"$(inherited)",
					"@executable_path/Frameworks",
				);
				PRODUCT_BUNDLE_IDENTIFIER = deVcanas.Tomato;
				PRODUCT_NAME = "$(TARGET_NAME)";
				SWIFT_VERSION = 4.2;
				TARGETED_DEVICE_FAMILY = "1,2";
			};
			name = Debug;
		};
		5196CAB02195A74E004FB671 /* Release */ = {
			isa = XCBuildConfiguration;
			buildSettings = {
				ASSETCATALOG_COMPILER_APPICON_NAME = AppIcon;
				CODE_SIGN_STYLE = Automatic;
				DEVELOPMENT_TEAM = 7A2F8E25YM;
				INFOPLIST_FILE = Tomato/Info.plist;
				LD_RUNPATH_SEARCH_PATHS = (
					"$(inherited)",
					"@executable_path/Frameworks",
				);
				PRODUCT_BUNDLE_IDENTIFIER = deVcanas.Tomato;
				PRODUCT_NAME = "$(TARGET_NAME)";
				SWIFT_VERSION = 4.2;
				TARGETED_DEVICE_FAMILY = "1,2";
			};
			name = Release;
		};
		5196CAB22195A74E004FB671 /* Debug */ = {
			isa = XCBuildConfiguration;
			buildSettings = {
				ALWAYS_EMBED_SWIFT_STANDARD_LIBRARIES = YES;
				BUNDLE_LOADER = "$(TEST_HOST)";
				CODE_SIGN_STYLE = Automatic;
				DEVELOPMENT_TEAM = 7A2F8E25YM;
				INFOPLIST_FILE = TomatoTests/Info.plist;
				LD_RUNPATH_SEARCH_PATHS = (
					"$(inherited)",
					"@executable_path/Frameworks",
					"@loader_path/Frameworks",
				);
				PRODUCT_BUNDLE_IDENTIFIER = deVcanas.TomatoTests;
				PRODUCT_NAME = "$(TARGET_NAME)";
				SWIFT_VERSION = 4.2;
				TARGETED_DEVICE_FAMILY = "1,2";
				TEST_HOST = "$(BUILT_PRODUCTS_DIR)/Tomato.app/Tomato";
			};
			name = Debug;
		};
		5196CAB32195A74E004FB671 /* Release */ = {
			isa = XCBuildConfiguration;
			buildSettings = {
				ALWAYS_EMBED_SWIFT_STANDARD_LIBRARIES = YES;
				BUNDLE_LOADER = "$(TEST_HOST)";
				CODE_SIGN_STYLE = Automatic;
				DEVELOPMENT_TEAM = 7A2F8E25YM;
				INFOPLIST_FILE = TomatoTests/Info.plist;
				LD_RUNPATH_SEARCH_PATHS = (
					"$(inherited)",
					"@executable_path/Frameworks",
					"@loader_path/Frameworks",
				);
				PRODUCT_BUNDLE_IDENTIFIER = deVcanas.TomatoTests;
				PRODUCT_NAME = "$(TARGET_NAME)";
				SWIFT_VERSION = 4.2;
				TARGETED_DEVICE_FAMILY = "1,2";
				TEST_HOST = "$(BUILT_PRODUCTS_DIR)/Tomato.app/Tomato";
			};
			name = Release;
		};
		5196CAB52195A74E004FB671 /* Debug */ = {
			isa = XCBuildConfiguration;
			buildSettings = {
				ALWAYS_EMBED_SWIFT_STANDARD_LIBRARIES = YES;
				CODE_SIGN_STYLE = Automatic;
				DEVELOPMENT_TEAM = 7A2F8E25YM;
				INFOPLIST_FILE = TomatoUITests/Info.plist;
				LD_RUNPATH_SEARCH_PATHS = (
					"$(inherited)",
					"@executable_path/Frameworks",
					"@loader_path/Frameworks",
				);
				PRODUCT_BUNDLE_IDENTIFIER = deVcanas.TomatoUITests;
				PRODUCT_NAME = "$(TARGET_NAME)";
				SWIFT_VERSION = 4.2;
				TARGETED_DEVICE_FAMILY = "1,2";
				TEST_TARGET_NAME = Tomato;
			};
			name = Debug;
		};
		5196CAB62195A74E004FB671 /* Release */ = {
			isa = XCBuildConfiguration;
			buildSettings = {
				ALWAYS_EMBED_SWIFT_STANDARD_LIBRARIES = YES;
				CODE_SIGN_STYLE = Automatic;
				DEVELOPMENT_TEAM = 7A2F8E25YM;
				INFOPLIST_FILE = TomatoUITests/Info.plist;
				LD_RUNPATH_SEARCH_PATHS = (
					"$(inherited)",
					"@executable_path/Frameworks",
					"@loader_path/Frameworks",
				);
				PRODUCT_BUNDLE_IDENTIFIER = deVcanas.TomatoUITests;
				PRODUCT_NAME = "$(TARGET_NAME)";
				SWIFT_VERSION = 4.2;
				TARGETED_DEVICE_FAMILY = "1,2";
				TEST_TARGET_NAME = Tomato;
			};
			name = Release;
		};
/* End XCBuildConfiguration section */

/* Begin XCConfigurationList section */
		5196CA7E2195A74B004FB671 /* Build configuration list for PBXProject "Tomato" */ = {
			isa = XCConfigurationList;
			buildConfigurations = (
				5196CAAC2195A74E004FB671 /* Debug */,
				5196CAAD2195A74E004FB671 /* Release */,
			);
			defaultConfigurationIsVisible = 0;
			defaultConfigurationName = Release;
		};
		5196CAAE2195A74E004FB671 /* Build configuration list for PBXNativeTarget "Tomato" */ = {
			isa = XCConfigurationList;
			buildConfigurations = (
				5196CAAF2195A74E004FB671 /* Debug */,
				5196CAB02195A74E004FB671 /* Release */,
			);
			defaultConfigurationIsVisible = 0;
			defaultConfigurationName = Release;
		};
		5196CAB12195A74E004FB671 /* Build configuration list for PBXNativeTarget "TomatoTests" */ = {
			isa = XCConfigurationList;
			buildConfigurations = (
				5196CAB22195A74E004FB671 /* Debug */,
				5196CAB32195A74E004FB671 /* Release */,
			);
			defaultConfigurationIsVisible = 0;
			defaultConfigurationName = Release;
		};
		5196CAB42195A74E004FB671 /* Build configuration list for PBXNativeTarget "TomatoUITests" */ = {
			isa = XCConfigurationList;
			buildConfigurations = (
				5196CAB52195A74E004FB671 /* Debug */,
				5196CAB62195A74E004FB671 /* Release */,
			);
			defaultConfigurationIsVisible = 0;
			defaultConfigurationName = Release;
		};
/* End XCConfigurationList section */

/* Begin XCVersionGroup section */
		5196CA8D2195A74B004FB671 /* Tomato.xcdatamodeld */ = {
			isa = XCVersionGroup;
			children = (
				5196CA8E2195A74B004FB671 /* Tomato.xcdatamodel */,
			);
			currentVersion = 5196CA8E2195A74B004FB671 /* Tomato.xcdatamodel */;
			path = Tomato.xcdatamodeld;
			sourceTree = "<group>";
			versionGroupType = wrapper.xcdatamodel;
		};
/* End XCVersionGroup section */
	};
	rootObject = 5196CA7B2195A74B004FB671 /* Project object */;
}
